
Microsoft Visual Studio Solution File, Format Version 12.00
# Visual Studio Version 17
VisualStudioVersion = 17.0.31903.59
MinimumVisualStudioVersion = 10.0.40219.1
Project("{2150E333-8FDC-42A3-9474-1A3956D46DE8}") = "core", "core", "{B7342430-EFDA-4434-A186-BA710076B07F}"
EndProject
Project("{FAE04EC0-301F-11D3-BF4B-00C04F79EFBC}") = "CamE0.Security", "core\CamE0.Security\CamE0.Security.csproj", "{430F0494-4253-453E-BEBA-4DB1AC001926}"
EndProject
Project("{FAE04EC0-301F-11D3-BF4B-00C04F79EFBC}") = "CamE0.Authentication", "core\CamE0.Authentication\CamE0.Authentication.csproj", "{D713C119-8495-42FE-B547-3E38171533C5}"
EndProject
Project("{FAE04EC0-301F-11D3-BF4B-00C04F79EFBC}") = "CamE0.Devices", "core\CamE0.Devices\CamE0.Devices.csproj", "{F8E39151-CF3B-4D98-A87C-54B93BFAABF3}"
EndProject
Project("{FAE04EC0-301F-11D3-BF4B-00C04F79EFBC}") = "CamE0.Video", "core\CamE0.Video\CamE0.Video.csproj", "{F5B60261-99B1-4EF9-8E62-AF33D4831096}"
EndProject
Project("{FAE04EC0-301F-11D3-BF4B-00C04F79EFBC}") = "CamE0.Storage", "core\CamE0.Storage\CamE0.Storage.csproj", "{2519F97C-75CB-45C2-8A3C-1A5CA73D318B}"
EndProject
Project("{FAE04EC0-301F-11D3-BF4B-00C04F79EFBC}") = "CamE0.Api", "core\CamE0.Api\CamE0.Api.csproj", "{40E5FE2D-F9A2-47BD-B72A-42AE213E6D5C}"
EndProject
Project("{2150E333-8FDC-42A3-9474-1A3956D46DE8}") = "ui", "ui", "{F1098795-714F-4085-BA8E-B4B9CCDCB3BB}"
EndProject
Project("{FAE04EC0-301F-11D3-BF4B-00C04F79EFBC}") = "CamE0.Web", "ui\CamE0.Web\CamE0.Web.csproj", "{E20AAAC6-ACAD-4EC5-8E36-4F05D234A281}"
EndProject
Project("{2150E333-8FDC-42A3-9474-1A3956D46DE8}") = "plugins", "plugins", "{EC3172EF-02A2-43DA-88B6-9215CA49BF49}"
EndProject
Project("{FAE04EC0-301F-11D3-BF4B-00C04F79EFBC}") = "CamE0.PluginSdk", "plugins\CamE0.PluginSdk\CamE0.PluginSdk.csproj", "{6FF16F2A-EDB6-43AB-9AEC-AF7131820F06}"
EndProject
Project("{2150E333-8FDC-42A3-9474-1A3956D46DE8}") = "integrations", "integrations", "{93ACA987-2B7D-434E-9F76-25D7EEADB4AB}"
EndProject
Project("{FAE04EC0-301F-11D3-BF4B-00C04F79EFBC}") = "CamE0.Gateway", "integrations\CamE0.Gateway\CamE0.Gateway.csproj", "{FDC76233-7007-4A03-A436-482047E55BBC}"
EndProject
Project("{2150E333-8FDC-42A3-9474-1A3956D46DE8}") = "installer", "installer", "{5C274BC1-D7A6-43B2-889B-C0186863C793}"
EndProject
Project("{FAE04EC0-301F-11D3-BF4B-00C04F79EFBC}") = "CamE0.Installer", "installer\CamE0.Installer\CamE0.Installer.csproj", "{D8D8D87E-D770-4F63-A47E-4F275D049BFC}"
EndProject
Project("{2150E333-8FDC-42A3-9474-1A3956D46DE8}") = "tests", "tests", "{DEDC99E3-824B-40E0-B3BF-4CBA476A9CBB}"
EndProject
Project("{FAE04EC0-301F-11D3-BF4B-00C04F79EFBC}") = "CamE0.Tests", "tests\CamE0.Tests\CamE0.Tests.csproj", "{4E7179A3-6782-4475-8AA3-BED44429AED3}"
EndProject
Global
	GlobalSection(SolutionConfigurationPlatforms) = preSolution
		Debug|Any CPU = Debug|Any CPU
		Release|Any CPU = Release|Any CPU
	EndGlobalSection
	GlobalSection(SolutionProperties) = preSolution
		HideSolutionNode = FALSE
	EndGlobalSection
	GlobalSection(ProjectConfigurationPlatforms) = postSolution
		{430F0494-4253-453E-BEBA-4DB1AC001926}.Debug|Any CPU.ActiveCfg = Debug|Any CPU
		{430F0494-4253-453E-BEBA-4DB1AC001926}.Debug|Any CPU.Build.0 = Debug|Any CPU
		{430F0494-4253-453E-BEBA-4DB1AC001926}.Release|Any CPU.ActiveCfg = Release|Any CPU
		{430F0494-4253-453E-BEBA-4DB1AC001926}.Release|Any CPU.Build.0 = Release|Any CPU
		{D713C119-8495-42FE-B547-3E38171533C5}.Debug|Any CPU.ActiveCfg = Debug|Any CPU
		{D713C119-8495-42FE-B547-3E38171533C5}.Debug|Any CPU.Build.0 = Debug|Any CPU
		{D713C119-8495-42FE-B547-3E38171533C5}.Release|Any CPU.ActiveCfg = Release|Any CPU
		{D713C119-8495-42FE-B547-3E38171533C5}.Release|Any CPU.Build.0 = Release|Any CPU
		{F8E39151-CF3B-4D98-A87C-54B93BFAABF3}.Debug|Any CPU.ActiveCfg = Debug|Any CPU
		{F8E39151-CF3B-4D98-A87C-54B93BFAABF3}.Debug|Any CPU.Build.0 = Debug|Any CPU
		{F8E39151-CF3B-4D98-A87C-54B93BFAABF3}.Release|Any CPU.ActiveCfg = Release|Any CPU
		{F8E39151-CF3B-4D98-A87C-54B93BFAABF3}.Release|Any CPU.Build.0 = Release|Any CPU
		{F5B60261-99B1-4EF9-8E62-AF33D4831096}.Debug|Any CPU.ActiveCfg = Debug|Any CPU
		{F5B60261-99B1-4EF9-8E62-AF33D4831096}.Debug|Any CPU.Build.0 = Debug|Any CPU
		{F5B60261-99B1-4EF9-8E62-AF33D4831096}.Release|Any CPU.ActiveCfg = Release|Any CPU
		{F5B60261-99B1-4EF9-8E62-AF33D4831096}.Release|Any CPU.Build.0 = Release|Any CPU
		{2519F97C-75CB-45C2-8A3C-1A5CA73D318B}.Debug|Any CPU.ActiveCfg = Debug|Any CPU
		{2519F97C-75CB-45C2-8A3C-1A5CA73D318B}.Debug|Any CPU.Build.0 = Debug|Any CPU
		{2519F97C-75CB-45C2-8A3C-1A5CA73D318B}.Release|Any CPU.ActiveCfg = Release|Any CPU
		{2519F97C-75CB-45C2-8A3C-1A5CA73D318B}.Release|Any CPU.Build.0 = Release|Any CPU
		{40E5FE2D-F9A2-47BD-B72A-42AE213E6D5C}.Debug|Any CPU.ActiveCfg = Debug|Any CPU
		{40E5FE2D-F9A2-47BD-B72A-42AE213E6D5C}.Debug|Any CPU.Build.0 = Debug|Any CPU
		{40E5FE2D-F9A2-47BD-B72A-42AE213E6D5C}.Release|Any CPU.ActiveCfg = Release|Any CPU
		{40E5FE2D-F9A2-47BD-B72A-42AE213E6D5C}.Release|Any CPU.Build.0 = Release|Any CPU
		{E20AAAC6-ACAD-4EC5-8E36-4F05D234A281}.Debug|Any CPU.ActiveCfg = Debug|Any CPU
		{E20AAAC6-ACAD-4EC5-8E36-4F05D234A281}.Debug|Any CPU.Build.0 = Debug|Any CPU
		{E20AAAC6-ACAD-4EC5-8E36-4F05D234A281}.Release|Any CPU.ActiveCfg = Release|Any CPU
		{E20AAAC6-ACAD-4EC5-8E36-4F05D234A281}.Release|Any CPU.Build.0 = Release|Any CPU
		{6FF16F2A-EDB6-43AB-9AEC-AF7131820F06}.Debug|Any CPU.ActiveCfg = Debug|Any CPU
		{6FF16F2A-EDB6-43AB-9AEC-AF7131820F06}.Debug|Any CPU.Build.0 = Debug|Any CPU
		{6FF16F2A-EDB6-43AB-9AEC-AF7131820F06}.Release|Any CPU.ActiveCfg = Release|Any CPU
		{6FF16F2A-EDB6-43AB-9AEC-AF7131820F06}.Release|Any CPU.Build.0 = Release|Any CPU
		{FDC76233-7007-4A03-A436-482047E55BBC}.Debug|Any CPU.ActiveCfg = Debug|Any CPU
		{FDC76233-7007-4A03-A436-482047E55BBC}.Debug|Any CPU.Build.0 = Debug|Any CPU
		{FDC76233-7007-4A03-A436-482047E55BBC}.Release|Any CPU.ActiveCfg = Release|Any CPU
		{FDC76233-7007-4A03-A436-482047E55BBC}.Release|Any CPU.Build.0 = Release|Any CPU
		{D8D8D87E-D770-4F63-A47E-4F275D049BFC}.Debug|Any CPU.ActiveCfg = Debug|Any CPU
		{D8D8D87E-D770-4F63-A47E-4F275D049BFC}.Debug|Any CPU.Build.0 = Debug|Any CPU
		{D8D8D87E-D770-4F63-A47E-4F275D049BFC}.Release|Any CPU.ActiveCfg = Release|Any CPU
		{D8D8D87E-D770-4F63-A47E-4F275D049BFC}.Release|Any CPU.Build.0 = Release|Any CPU
		{4E7179A3-6782-4475-8AA3-BED44429AED3}.Debug|Any CPU.ActiveCfg = Debug|Any CPU
		{4E7179A3-6782-4475-8AA3-BED44429AED3}.Debug|Any CPU.Build.0 = Debug|Any CPU
		{4E7179A3-6782-4475-8AA3-BED44429AED3}.Release|Any CPU.ActiveCfg = Release|Any CPU
		{4E7179A3-6782-4475-8AA3-BED44429AED3}.Release|Any CPU.Build.0 = Release|Any CPU
	EndGlobalSection
	GlobalSection(NestedProjects) = preSolution
		{430F0494-4253-453E-BEBA-4DB1AC001926} = {B7342430-EFDA-4434-A186-BA710076B07F}
		{D713C119-8495-42FE-B547-3E38171533C5} = {B7342430-EFDA-4434-A186-BA710076B07F}
		{F8E39151-CF3B-4D98-A87C-54B93BFAABF3} = {B7342430-EFDA-4434-A186-BA710076B07F}
		{F5B60261-99B1-4EF9-8E62-AF33D4831096} = {B7342430-EFDA-4434-A186-BA710076B07F}
		{2519F97C-75CB-45C2-8A3C-1A5CA73D318B} = {B7342430-EFDA-4434-A186-BA710076B07F}
		{40E5FE2D-F9A2-47BD-B72A-42AE213E6D5C} = {B7342430-EFDA-4434-A186-BA710076B07F}
		{E20AAAC6-ACAD-4EC5-8E36-4F05D234A281} = {F1098795-714F-4085-BA8E-B4B9CCDCB3BB}
		{6FF16F2A-EDB6-43AB-9AEC-AF7131820F06} = {EC3172EF-02A2-43DA-88B6-9215CA49BF49}
		{FDC76233-7007-4A03-A436-482047E55BBC} = {93ACA987-2B7D-434E-9F76-25D7EEADB4AB}
		{D8D8D87E-D770-4F63-A47E-4F275D049BFC} = {5C274BC1-D7A6-43B2-889B-C0186863C793}
		{4E7179A3-6782-4475-8AA3-BED44429AED3} = {DEDC99E3-824B-40E0-B3BF-4CBA476A9CBB}
	EndGlobalSection
EndGlobal
